
Microsoft Visual Studio Solution File, Format Version 12.00
# Visual Studio 2013
VisualStudioVersion = 12.0.40629.0
MinimumVisualStudioVersion = 10.0.40219.1
Project("{FAE04EC0-301F-11D3-BF4B-00C04F79EFBC}") = "BookingManagementSystem", "BookingManagementSystem\BookingManagementSystem.csproj", "{DD19ABA7-4BA2-47D6-8BFD-521E7E27C71E}"
EndProject
Global
	GlobalSection(SolutionConfigurationPlatforms) = preSolution
		Debug|Any CPU = Debug|Any CPU
		Release|Any CPU = Release|Any CPU
	EndGlobalSection
	GlobalSection(ProjectConfigurationPlatforms) = postSolution
		{DD19ABA7-4BA2-47D6-8BFD-521E7E27C71E}.Debug|Any CPU.ActiveCfg = Debug|Any CPU
		{DD19ABA7-4BA2-47D6-8BFD-521E7E27C71E}.Debug|Any CPU.Build.0 = Debug|Any CPU
		{DD19ABA7-4BA2-47D6-8BFD-521E7E27C71E}.Release|Any CPU.ActiveCfg = Release|Any CPU
		{DD19ABA7-4BA2-47D6-8BFD-521E7E27C71E}.Release|Any CPU.Build.0 = Release|Any CPU
	EndGlobalSection
	GlobalSection(SolutionProperties) = preSolution
		HideSolutionNode = FALSE
	EndGlobalSection
EndGlobal
